
Microsoft Visual Studio Solution File, Format Version 12.00
# Visual Studio Version 17
VisualStudioVersion = 17.1.32319.34
MinimumVisualStudioVersion = 10.0.40219.1
Project("{FAE04EC0-301F-11D3-BF4B-00C04F79EFBC}") = "NotifyAssistant", "NotifyAssistant\NotifyAssistant.csproj", "{67C7A4D8-B56D-4190-8D0F-C58F2129CE72}"
EndProject
Global
	GlobalSection(SolutionConfigurationPlatforms) = preSolution
		Debug|Any CPU = Debug|Any CPU
		Release|Any CPU = Release|Any CPU
	EndGlobalSection
	GlobalSection(ProjectConfigurationPlatforms) = postSolution
		{67C7A4D8-B56D-4190-8D0F-C58F2129CE72}.Debug|Any CPU.ActiveCfg = Debug|Any CPU
		{67C7A4D8-B56D-4190-8D0F-C58F2129CE72}.Debug|Any CPU.Build.0 = Debug|Any CPU
		{67C7A4D8-B56D-4190-8D0F-C58F2129CE72}.Release|Any CPU.ActiveCfg = Release|Any CPU
		{67C7A4D8-B56D-4190-8D0F-C58F2129CE72}.Release|Any CPU.Build.0 = Release|Any CPU
	EndGlobalSection
	GlobalSection(SolutionProperties) = preSolution
		HideSolutionNode = FALSE
	EndGlobalSection
	GlobalSection(ExtensibilityGlobals) = postSolution
		SolutionGuid = {CA9CFE26-5C5E-4EBE-B299-C6170CC46738}
	EndGlobalSection
EndGlobal
